
Microsoft Visual Studio Solution File, Format Version 12.00
# Visual Studio Version 16
VisualStudioVersion = 16.0.30413.136
MinimumVisualStudioVersion = 10.0.40219.1
Project("{9A19103F-16F7-4668-BE54-9A1E7A4F7556}") = "ShoppingApp.Entities", "ShoppingApp.Entities\ShoppingApp.Entities.csproj", "{52415AED-1D49-4019-B142-9706E3F8E623}"
EndProject
Project("{9A19103F-16F7-4668-BE54-9A1E7A4F7556}") = "ShoppingApp.Services", "ShoppingApp.Services\ShoppingApp.Services.csproj", "{FC7B9B9E-9F20-4166-BD0F-EE5FCC3E28E2}"
EndProject
Project("{9A19103F-16F7-4668-BE54-9A1E7A4F7556}") = "ShoppingApp.WebMVC", "ShoppingApp.WebMVC\ShoppingApp.WebMVC.csproj", "{8E301013-BC47-4A86-A8F7-FAF4DF50C5B8}"
EndProject
Project("{FAE04EC0-301F-11D3-BF4B-00C04F79EFBC}") = "ShoppingApp.Core", "ShoppingApp.Core\ShoppingApp.Core.csproj", "{68199F4A-A4BE-45EC-9B70-4A5AA7B2DEB6}"
EndProject
Project("{FAE04EC0-301F-11D3-BF4B-00C04F79EFBC}") = "ShoppingApp.Data", "ShoppingApp.Data\ShoppingApp.Data.csproj", "{41790CEF-921A-41F1-A758-44DA72AAF8DE}"
EndProject
Global
	GlobalSection(SolutionConfigurationPlatforms) = preSolution
		Debug|Any CPU = Debug|Any CPU
		Release|Any CPU = Release|Any CPU
	EndGlobalSection
	GlobalSection(ProjectConfigurationPlatforms) = postSolution
		{52415AED-1D49-4019-B142-9706E3F8E623}.Debug|Any CPU.ActiveCfg = Debug|Any CPU
		{52415AED-1D49-4019-B142-9706E3F8E623}.Debug|Any CPU.Build.0 = Debug|Any CPU
		{52415AED-1D49-4019-B142-9706E3F8E623}.Release|Any CPU.ActiveCfg = Release|Any CPU
		{52415AED-1D49-4019-B142-9706E3F8E623}.Release|Any CPU.Build.0 = Release|Any CPU
		{FC7B9B9E-9F20-4166-BD0F-EE5FCC3E28E2}.Debug|Any CPU.ActiveCfg = Debug|Any CPU
		{FC7B9B9E-9F20-4166-BD0F-EE5FCC3E28E2}.Debug|Any CPU.Build.0 = Debug|Any CPU
		{FC7B9B9E-9F20-4166-BD0F-EE5FCC3E28E2}.Release|Any CPU.ActiveCfg = Release|Any CPU
		{FC7B9B9E-9F20-4166-BD0F-EE5FCC3E28E2}.Release|Any CPU.Build.0 = Release|Any CPU
		{8E301013-BC47-4A86-A8F7-FAF4DF50C5B8}.Debug|Any CPU.ActiveCfg = Debug|Any CPU
		{8E301013-BC47-4A86-A8F7-FAF4DF50C5B8}.Debug|Any CPU.Build.0 = Debug|Any CPU
		{8E301013-BC47-4A86-A8F7-FAF4DF50C5B8}.Release|Any CPU.ActiveCfg = Release|Any CPU
		{8E301013-BC47-4A86-A8F7-FAF4DF50C5B8}.Release|Any CPU.Build.0 = Release|Any CPU
		{68199F4A-A4BE-45EC-9B70-4A5AA7B2DEB6}.Debug|Any CPU.ActiveCfg = Debug|Any CPU
		{68199F4A-A4BE-45EC-9B70-4A5AA7B2DEB6}.Debug|Any CPU.Build.0 = Debug|Any CPU
		{68199F4A-A4BE-45EC-9B70-4A5AA7B2DEB6}.Release|Any CPU.ActiveCfg = Release|Any CPU
		{68199F4A-A4BE-45EC-9B70-4A5AA7B2DEB6}.Release|Any CPU.Build.0 = Release|Any CPU
		{41790CEF-921A-41F1-A758-44DA72AAF8DE}.Debug|Any CPU.ActiveCfg = Debug|Any CPU
		{41790CEF-921A-41F1-A758-44DA72AAF8DE}.Debug|Any CPU.Build.0 = Debug|Any CPU
		{41790CEF-921A-41F1-A758-44DA72AAF8DE}.Release|Any CPU.ActiveCfg = Release|Any CPU
		{41790CEF-921A-41F1-A758-44DA72AAF8DE}.Release|Any CPU.Build.0 = Release|Any CPU
	EndGlobalSection
	GlobalSection(SolutionProperties) = preSolution
		HideSolutionNode = FALSE
	EndGlobalSection
	GlobalSection(ExtensibilityGlobals) = postSolution
		SolutionGuid = {E6E7023C-E95D-429C-9A3E-540DE5D0DB1D}
	EndGlobalSection
EndGlobal
